{
    "_meta": {
        "hash": {
            "sha256": "265c02cbfb79252002f4bacd0cad0f840fc89937238ceceaa57e3d7c78aa3b7a"
        },
        "host-environment-markers": {
            "implementation_name": "cpython",
            "implementation_version": "3.6.2",
            "os_name": "posix",
            "platform_machine": "x86_64",
            "platform_python_implementation": "CPython",
            "platform_release": "15.6.0",
            "platform_system": "Darwin",
            "platform_version": "Darwin Kernel Version 15.6.0: Tue Apr 11 16:00:51 PDT 2017; root:xnu-3248.60.11.5.3~1/RELEASE_X86_64",
            "python_full_version": "3.6.2",
            "python_version": "3.6",
            "sys_platform": "darwin"
        },
        "pipfile-spec": 6,
        "requires": {},
        "sources": [
            {
                "name": "pypi",
                "url": "https://pypi.python.org/simple",
                "verify_ssl": true
            }
        ]
    },
    "default": {
        "boto": {
            "hashes": [
                "sha256:13be844158d1bd80a94c972c806ec8381b9ea72035aa06123c5db6bc6a6f3ead",
                "sha256:deb8925b734b109679e3de65856018996338758f4b916ff4fe7bb62b6d7000d1"
            ],
            "version": "==2.48.0"
        },
        "bz2file": {
            "hashes": [
                "sha256:64c1f811e31556ba9931953c8ec7b397488726c63e09a4c67004f43bdd28da88"
            ],
            "version": "==0.98"
        },
        "certifi": {
            "hashes": [
                "sha256:54a07c09c586b0e4c619f02a5e94e36619da8e2b053e20f594348c0611803704",
                "sha256:40523d2efb60523e113b44602298f0960e900388cf3bb6043f645cf57ea9e3f5"
            ],
            "version": "==2017.7.27.1"
        },
        "chardet": {
            "hashes": [
                "sha256:fc323ffcaeaed0e0a02bf4d117757b98aed530d9ed4531e3e15460124c106691",
                "sha256:84ab92ed1c4d4f16916e05906b6b75a6c0fb5db821cc65e70cbd64a3e2a5eaae"
            ],
            "version": "==3.0.4"
        },
        "colorama": {
            "hashes": [
                "sha256:463f8483208e921368c9f306094eb6f725c6ca42b0f97e313cb5d5512459feda",
                "sha256:48eb22f4f8461b1df5734a074b57042430fb06e1d61bd1e11b078c0fe6d7a1f1"
            ],
            "version": "==0.3.9"
        },
        "crayons": {
            "hashes": [
                "sha256:6f51241d0c4faec1c04c1c0ac6a68f1d66a4655476ce1570b3f37e5166a599cc",
                "sha256:5e17691605e564d63482067eb6327d01a584bbaf870beffd4456a3391bd8809d"
            ],
            "version": "==0.1.2"
        },
        "gensim": {
            "hashes": [
                "sha256:5eb1d1eaee64297069d9f2eaf372669a2326646cb89583aef6b54041d38a0c62",
                "sha256:8474b7c2d7be43bde6be40758db6b44ea6de93d48772dba35ed8456a28a9d1c5",
                "sha256:0b0c0f5490f960e915b269442ad0fc0a5767a2bc8564881e936032700b6ccf9f",
                "sha256:54cd12fb57f5fe7bafc2c7efddedb07e4b06f1a497493b400a6baf0a234999fc",
                "sha256:f8653efd4f3250f02fe452487a305e5fa3a058ec9b594498d3741c9913c60f03",
                "sha256:c4d2df9b1e2b3e9ec9d9dbb41c3b544459992eb3e881a6b4ed9fa54e58063146",
                "sha256:2dcf381d03ab88512e4668331f4b8555819684b67284d5c35d98b6dd125ca672",
                "sha256:e77506744f6e22c0ab299778c7acafb3fbb09a80399fa61ad8e354f1d7832eb0",
                "sha256:85a49c4fc7cd376494fc7a3b093257582f1d9f9d61e3a35e76be497417463b23",
                "sha256:076c677bcb5335ce286cdb4a16eb98fe2a0dac3c005502c8984f70e1488ac48f",
                "sha256:f06d5a8dcb4470f5ec7710280e9809870564076f2f8a1b2c582d2585cd1c8e22",
                "sha256:d8d53f9af8f05c6afc704a76a138d6da9d2663f0bc2d4e5b1141888e057892fb",
                "sha256:41387e0883d41cb361a45ca767fab657912dabc1e97f474a71c578bd9c7deeda",
                "sha256:e2e1788412190b574d3e5431f299b1a4dcadff9d485c03962ed5a8fb9be47b01",
                "sha256:84824bcce6661d6345f4dab97e922cc1221854f05846808cc84d232c80d7f144",
                "sha256:c58f910498683c1dd3c3b8d0d454c1b8dbc5d3f1090756ceee84f33601429418"
            ],
            "version": "==3.0.0"
        },
        "idna": {
            "hashes": [
                "sha256:8c7309c718f94b3a625cb648ace320157ad16ff131ae0af362c9f21b80ef6ec4",
                "sha256:2c6a5de3089009e3da7c5dde64a141dbc8551d5b7f6cf4ed7c2568d0cc520a8f"
            ],
            "version": "==2.6"
        },
        "jinja2": {
            "hashes": [
                "sha256:2231bace0dfd8d2bf1e5d7e41239c06c9e0ded46e70cc1094a0aa64b0afeb054",
                "sha256:ddaa01a212cd6d641401cb01b605f4a4d9f37bfc93043d7f760ec70fb99ff9ff"
            ],
            "version": "==2.9.6"
        },
        "markupsafe": {
            "hashes": [
                "sha256:a6be69091dac236ea9c6bc7d012beab42010fa914c459791d627dad4910eb665"
            ],
            "version": "==1.0"
        },
        "nltk": {
            "hashes": [
                "sha256:2661f9971d983db314bbebd51ba770811a362c6597fd0f303bb1d3beadcb4834",
                "sha256:8a3bad9ff7f67d2828a7915c2fab93e6ca910c2015ef40799e1805fccf2354e5"
            ],
            "version": "==3.2.5"
        },
        "numpy": {
            "hashes": [
                "sha256:910e7ae5eeee8d322775187692c5c66719cd58d230fbfd57245ea3cf75716910",
                "sha256:f5c9ca457057cd5e12ddab36cded8b1f38bf1f45bf550d4ca2839b11ec57f597",
                "sha256:d29e72413b66df23c75b9b469253c823698ea2e00f58e9e0df64b7a50696e8ac",
                "sha256:539345898a4ae17421c159ae2a350901a5e6ce3da8f24168c6c67b3536e13de8",
                "sha256:929928932f91082a168e36984179deddd58f8e98822ad2f33a2955d7c4eec596",
                "sha256:62b09f3d1ea01d79c16a6642cb21599f53b9338c59971b2418a573155d2202ec",
                "sha256:c4b1914d86c43399438518a2ac8bcba2fb64dd5a18efddded3783b9daae70933",
                "sha256:6c6feb0647380db6e1d5d49ef9fb59c42240f25fb8df8b6e82ecb436c7e0621a",
                "sha256:da2f47e46d7a93b73891d1981378717dc73c6ad5cc4fd23c934bfea7847fa958",
                "sha256:4c767b6d9c9a071bb36ea34eb240ee5192fe0bc4c13be5e6c51e0350a30f7ac0",
                "sha256:b2f98838f4bbc3bf23af7e97ffcad18a2dc6bbb0726796781e02b9347af6685f",
                "sha256:11fcbed36c101a3b9c4636e791efccba82409ebbedaba938c97be8bdddd029cc",
                "sha256:8969c8f987f8bcc3e30c014532cfc20e4a8f86a50c361596e086310853adacb7",
                "sha256:2875e8055a1ea8d933b1c9d0f8714c0aa11c097bfadfcb8564c4d868fbf09a41",
                "sha256:09b87d652c03508447d0f618e1d3ae57595acd3e0f0c11ac91bf68ed7bdb3a28",
                "sha256:9cad35b911e150f00bb8080950c7e9f172714bbd0234f5ab74b4e3e2d9288b37",
                "sha256:479863de17f66810db00bccf35289555365da45d3b053ccf539b95ab3b9c24f6",
                "sha256:b162c6b044960b4ea0f42be049ce2af1d18c60f82748f0a27bd5ad182a731bf3",
                "sha256:fa656dccfa9141774440575a6e7875d08b93f4a332eb5ae40877b26bed291c01",
                "sha256:7dfa5b49fb2a080bd0d39bfbcff1177bacb14fcb28c857fd65fd0c18938935de",
                "sha256:e8e0e75db757e41463888939d26c8058b4ecd25e563c597e9119f512dc0ee1da",
                "sha256:c8dc6aa96882df6323bf9545934e37c6e05959bd789ae4b14d50509b093907aa",
                "sha256:36ee86d5adbabc4fa2643a073f93d5504bdfed37a149a3a49f4dde259f35a750"
            ],
            "version": "==1.13.3"
        },
        "pygithub": {
            "hashes": [
                "sha256:fea1c5adedb0b2c641422efa7d22ad1af1b538a499faf25da14c0bb57e2cfefe"
            ],
            "version": "==1.35"
        },
        "pyjwt": {
            "hashes": [
                "sha256:a4e5f1441e3ca7b382fd0c0b416777ced1f97c64ef0c33bfa39daf38505cfd2f",
                "sha256:500be75b17a63f70072416843dc80c8821109030be824f4d14758f114978bae7"
            ],
            "version": "==1.5.3"
        },
        "requests": {
            "hashes": [
                "sha256:6a1b267aa90cac58ac3a765d067950e7dbbf75b1da07e895d1f594193a40a38b",
                "sha256:9c443e7324ba5b85070c4a818ade28bfabedf16ea10206da1132edaa6dda237e"
            ],
            "version": "==2.18.4"
        },
        "scipy": {
            "hashes": [
                "sha256:1e8fedf602859b541ebae78667ccfc53158edef58d9ee19ee659309004565952",
                "sha256:023ee29faa76c184a607e21076f097dc32f3abba7c71ece374588f95920aa993",
                "sha256:2a26d06a642e3c9107ca06df125f5dc5507abe2b87fd7865415d03ab654b0b43",
                "sha256:b3e97be2cd9f052d984fc5ba2d441897971b744c64d658617944c47bc366f8ff",
                "sha256:78713101b32af384c564837fd7ae665a2a72cb6d49edbd8f32148d74724a65a8",
                "sha256:2c9e87d556b83a8e11de7a064856c3997bbaff7f9cf62bf63ff0623751549e4c",
                "sha256:b87a923ed390ba0aafcbbcc6f0e023d495f19d2bd22ae59bdef3b0aec6485b39",
                "sha256:2dc9bcfaa585d9d941fb1add0d160556fe8587c3800264a77643695565a2d279",
                "sha256:93825cc80c638d901099f657dfff852ad2421beb51cb7d1d3f91157741ebe287",
                "sha256:4118647273c907ed984da52b71fa2bbb30229f1820fb79b1ed087c8bc9a20cca",
                "sha256:4c26ef44e8bb2cd2aef11c60d163caa04670d6f42996789b209526677310ded2",
                "sha256:2a3b6ceadbb58d8b8d4a329f8219f9e6f17757ec6c85baf03987bbd2b728c263",
                "sha256:909be30bdd1d8cd57609760ea72a1499543169ed6ea5c66fad50946582682cf8",
                "sha256:4de84e3870228e8afd55a6e63e762aa7c9d1e3bd9a9ef5ab716835a69c77d257",
                "sha256:a19a2ca7a7336495ec180adeaa0dfdcf41e96dbbee90d51c3ed828ba570884e6"
            ],
            "version": "==0.19.1"
        },
        "six": {
            "hashes": [
                "sha256:832dc0e10feb1aa2c68dcc57dbb658f1c7e65b9b61af69048abc87a2db00a0eb",
                "sha256:70e8a77beed4562e7f14fe23a786b54f6296e34344c23bc42f07b15018ff98e9"
            ],
            "version": "==1.11.0"
        },
        "smart-open": {
            "hashes": [
                "sha256:fad4669acc2e6eb290b87265813cdb767e455e5f60f34af609da0c775c38b254"
            ],
            "version": "==1.5.3"
        },
        "urllib3": {
            "hashes": [
                "sha256:06330f386d6e4b195fbfc736b297f58c5a892e4440e54d294d7004e3a9bbea1b",
                "sha256:cc44da8e1145637334317feebd728bd869a35285b93cbb4cca2577da7e62db4f"
            ],
            "version": "==1.22"
        }
    },
    "develop": {}
}
